
Microsoft Visual Studio Solution File, Format Version 12.00
# Visual Studio Version 16
VisualStudioVersion = 16.0.30621.155
MinimumVisualStudioVersion = 10.0.40219.1
Project("{FAE04EC0-301F-11D3-BF4B-00C04F79EFBC}") = "ETS_PosApp", "ETS_PosApp\ETS_PosApp.csproj", "{72D4DD37-98E7-4D03-86F3-3FBAE8EECD9C}"
EndProject
Global
	GlobalSection(SolutionConfigurationPlatforms) = preSolution
		Debug|Any CPU = Debug|Any CPU
		Release|Any CPU = Release|Any CPU
	EndGlobalSection
	GlobalSection(ProjectConfigurationPlatforms) = postSolution
		{72D4DD37-98E7-4D03-86F3-3FBAE8EECD9C}.Debug|Any CPU.ActiveCfg = Debug|Any CPU
		{72D4DD37-98E7-4D03-86F3-3FBAE8EECD9C}.Debug|Any CPU.Build.0 = Debug|Any CPU
		{72D4DD37-98E7-4D03-86F3-3FBAE8EECD9C}.Release|Any CPU.ActiveCfg = Release|Any CPU
		{72D4DD37-98E7-4D03-86F3-3FBAE8EECD9C}.Release|Any CPU.Build.0 = Release|Any CPU
	EndGlobalSection
	GlobalSection(SolutionProperties) = preSolution
		HideSolutionNode = FALSE
	EndGlobalSection
	GlobalSection(ExtensibilityGlobals) = postSolution
		SolutionGuid = {923FC8EA-C3F2-4F9D-9783-AD507E7E8E98}
	EndGlobalSection
EndGlobal
